
Microsoft Visual Studio Solution File, Format Version 12.00
# Visual Studio Version 16
VisualStudioVersion = 16.0.31129.286
MinimumVisualStudioVersion = 10.0.40219.1
Project("{9A19103F-16F7-4668-BE54-9A1E7A4F7556}") = "StkMS", "StkMS\StkMS.csproj", "{2B18C653-96F9-4796-ACA0-460DD069A658}"
EndProject
Project("{2150E333-8FDC-42A3-9474-1A3956D46DE8}") = "Solution Items", "Solution Items", "{B2E74E83-5839-4581-A47F-F572DEE0C5A7}"
	ProjectSection(SolutionItems) = preProject
		.editorconfig = .editorconfig
		notes.txt = notes.txt
		update1.sql = update1.sql
	EndProjectSection
EndProject
Project("{9A19103F-16F7-4668-BE54-9A1E7A4F7556}") = "StkMS.Api", "StkMS.Api\StkMS.Api.csproj", "{D9970699-99E2-4B87-942C-3455992A3472}"
EndProject
Project("{9A19103F-16F7-4668-BE54-9A1E7A4F7556}") = "StkMS.Library", "StkMS.Library\StkMS.Library.csproj", "{A19D122A-FFEF-4E92-A974-2C69E289D82A}"
EndProject
Project("{9A19103F-16F7-4668-BE54-9A1E7A4F7556}") = "StkMS.Tests", "StkMS.Tests\StkMS.Tests.csproj", "{142BD250-D65D-46D0-8B92-9C47BD779747}"
EndProject
Project("{9A19103F-16F7-4668-BE54-9A1E7A4F7556}") = "StkMS.Data", "StkMS.Data\StkMS.Data.csproj", "{00FA85E6-1D4F-4248-992E-2AA2461CB655}"
EndProject
Project("{9A19103F-16F7-4668-BE54-9A1E7A4F7556}") = "StkMS.Shared", "StkMS.Shared\StkMS.Shared.csproj", "{072CC0F4-6171-45BC-8C43-0EBE054B546C}"
EndProject
Project("{9A19103F-16F7-4668-BE54-9A1E7A4F7556}") = "StkMS.Client.Services", "StkMS.Client.Services\StkMS.Client.Services.csproj", "{17BA713F-F218-4680-9680-D2D2DC6A1ACC}"
EndProject
Global
	GlobalSection(SolutionConfigurationPlatforms) = preSolution
		Debug|Any CPU = Debug|Any CPU
		Release|Any CPU = Release|Any CPU
	EndGlobalSection
	GlobalSection(ProjectConfigurationPlatforms) = postSolution
		{2B18C653-96F9-4796-ACA0-460DD069A658}.Debug|Any CPU.ActiveCfg = Debug|Any CPU
		{2B18C653-96F9-4796-ACA0-460DD069A658}.Debug|Any CPU.Build.0 = Debug|Any CPU
		{2B18C653-96F9-4796-ACA0-460DD069A658}.Release|Any CPU.ActiveCfg = Release|Any CPU
		{2B18C653-96F9-4796-ACA0-460DD069A658}.Release|Any CPU.Build.0 = Release|Any CPU
		{D9970699-99E2-4B87-942C-3455992A3472}.Debug|Any CPU.ActiveCfg = Debug|Any CPU
		{D9970699-99E2-4B87-942C-3455992A3472}.Debug|Any CPU.Build.0 = Debug|Any CPU
		{D9970699-99E2-4B87-942C-3455992A3472}.Release|Any CPU.ActiveCfg = Release|Any CPU
		{D9970699-99E2-4B87-942C-3455992A3472}.Release|Any CPU.Build.0 = Release|Any CPU
		{A19D122A-FFEF-4E92-A974-2C69E289D82A}.Debug|Any CPU.ActiveCfg = Debug|Any CPU
		{A19D122A-FFEF-4E92-A974-2C69E289D82A}.Debug|Any CPU.Build.0 = Debug|Any CPU
		{A19D122A-FFEF-4E92-A974-2C69E289D82A}.Release|Any CPU.ActiveCfg = Release|Any CPU
		{A19D122A-FFEF-4E92-A974-2C69E289D82A}.Release|Any CPU.Build.0 = Release|Any CPU
		{142BD250-D65D-46D0-8B92-9C47BD779747}.Debug|Any CPU.ActiveCfg = Debug|Any CPU
		{142BD250-D65D-46D0-8B92-9C47BD779747}.Debug|Any CPU.Build.0 = Debug|Any CPU
		{142BD250-D65D-46D0-8B92-9C47BD779747}.Release|Any CPU.ActiveCfg = Release|Any CPU
		{142BD250-D65D-46D0-8B92-9C47BD779747}.Release|Any CPU.Build.0 = Release|Any CPU
		{00FA85E6-1D4F-4248-992E-2AA2461CB655}.Debug|Any CPU.ActiveCfg = Debug|Any CPU
		{00FA85E6-1D4F-4248-992E-2AA2461CB655}.Debug|Any CPU.Build.0 = Debug|Any CPU
		{00FA85E6-1D4F-4248-992E-2AA2461CB655}.Release|Any CPU.ActiveCfg = Release|Any CPU
		{00FA85E6-1D4F-4248-992E-2AA2461CB655}.Release|Any CPU.Build.0 = Release|Any CPU
		{072CC0F4-6171-45BC-8C43-0EBE054B546C}.Debug|Any CPU.ActiveCfg = Debug|Any CPU
		{072CC0F4-6171-45BC-8C43-0EBE054B546C}.Debug|Any CPU.Build.0 = Debug|Any CPU
		{072CC0F4-6171-45BC-8C43-0EBE054B546C}.Release|Any CPU.ActiveCfg = Release|Any CPU
		{072CC0F4-6171-45BC-8C43-0EBE054B546C}.Release|Any CPU.Build.0 = Release|Any CPU
		{17BA713F-F218-4680-9680-D2D2DC6A1ACC}.Debug|Any CPU.ActiveCfg = Debug|Any CPU
		{17BA713F-F218-4680-9680-D2D2DC6A1ACC}.Debug|Any CPU.Build.0 = Debug|Any CPU
		{17BA713F-F218-4680-9680-D2D2DC6A1ACC}.Release|Any CPU.ActiveCfg = Release|Any CPU
		{17BA713F-F218-4680-9680-D2D2DC6A1ACC}.Release|Any CPU.Build.0 = Release|Any CPU
	EndGlobalSection
	GlobalSection(SolutionProperties) = preSolution
		HideSolutionNode = FALSE
	EndGlobalSection
	GlobalSection(ExtensibilityGlobals) = postSolution
		SolutionGuid = {1CEC85F7-4509-47CB-AAA1-4F09BEB70514}
	EndGlobalSection
EndGlobal
